// !$*UTF8*$!
{
	archiveVersion = 1;
	classes = {
	};
	objectVersion = 56;
	objects = {

/* Begin PBXBuildFile section */
		FE4BE376292F86A700566779 /* AppDelegate.swift in Sources */ = {isa = PBXBuildFile; fileRef = FE4BE375292F86A700566779 /* AppDelegate.swift */; };
		FE4BE378292F86A700566779 /* SceneDelegate.swift in Sources */ = {isa = PBXBuildFile; fileRef = FE4BE377292F86A700566779 /* SceneDelegate.swift */; };
		FE4BE37A292F86A700566779 /* ViewController.swift in Sources */ = {isa = PBXBuildFile; fileRef = FE4BE379292F86A700566779 /* ViewController.swift */; };
		FE4BE37F292F86A800566779 /* Assets.xcassets in Resources */ = {isa = PBXBuildFile; fileRef = FE4BE37E292F86A800566779 /* Assets.xcassets */; };
		FE4BE382292F86A800566779 /* LaunchScreen.storyboard in Resources */ = {isa = PBXBuildFile; fileRef = FE4BE380292F86A800566779 /* LaunchScreen.storyboard */; };
		FE4BE392292F8EE400566779 /* ViewCodeConfiguration.swift in Sources */ = {isa = PBXBuildFile; fileRef = FE4BE391292F8EE400566779 /* ViewCodeConfiguration.swift */; };
		FE4BE396292F981C00566779 /* TextFieldTableViewCell.swift in Sources */ = {isa = PBXBuildFile; fileRef = FE4BE395292F981C00566779 /* TextFieldTableViewCell.swift */; };
		FE4BE398292F98CE00566779 /* ImageTableViewCell.swift in Sources */ = {isa = PBXBuildFile; fileRef = FE4BE397292F98CE00566779 /* ImageTableViewCell.swift */; };
		FE4BE39A292F9C5C00566779 /* Model.swift in Sources */ = {isa = PBXBuildFile; fileRef = FE4BE399292F9C5C00566779 /* Model.swift */; };
		FEAE04EB293677AB00F2A496 /* ImagePicker.swift in Sources */ = {isa = PBXBuildFile; fileRef = FEAE04EA293677AB00F2A496 /* ImagePicker.swift */; };
		FECC0ED72936674100F0F9C7 /* NewViewController.swift in Sources */ = {isa = PBXBuildFile; fileRef = FECC0ED62936674100F0F9C7 /* NewViewController.swift */; };
		FED218D1292FAFA100E2C579 /* HeaderTableView.swift in Sources */ = {isa = PBXBuildFile; fileRef = FED218D0292FAFA100E2C579 /* HeaderTableView.swift */; };
		FEFE48A029365E7A00B9A765 /* TableView.swift in Sources */ = {isa = PBXBuildFile; fileRef = FEFE489F29365E7A00B9A765 /* TableView.swift */; };
/* End PBXBuildFile section */

/* Begin PBXFileReference section */
		FE4BE372292F86A700566779 /* POC_interfaceReuse.app */ = {isa = PBXFileReference; explicitFileType = wrapper.application; includeInIndex = 0; path = POC_interfaceReuse.app; sourceTree = BUILT_PRODUCTS_DIR; };
		FE4BE375292F86A700566779 /* AppDelegate.swift */ = {isa = PBXFileReference; lastKnownFileType = sourcecode.swift; path = AppDelegate.swift; sourceTree = "<group>"; };
		FE4BE377292F86A700566779 /* SceneDelegate.swift */ = {isa = PBXFileReference; lastKnownFileType = sourcecode.swift; path = SceneDelegate.swift; sourceTree = "<group>"; };
		FE4BE379292F86A700566779 /* ViewController.swift */ = {isa = PBXFileReference; lastKnownFileType = sourcecode.swift; path = ViewController.swift; sourceTree = "<group>"; };
		FE4BE37E292F86A800566779 /* Assets.xcassets */ = {isa = PBXFileReference; lastKnownFileType = folder.assetcatalog; path = Assets.xcassets; sourceTree = "<group>"; };
		FE4BE381292F86A800566779 /* Base */ = {isa = PBXFileReference; lastKnownFileType = file.storyboard; name = Base; path = Base.lproj/LaunchScreen.storyboard; sourceTree = "<group>"; };
		FE4BE383292F86A800566779 /* Info.plist */ = {isa = PBXFileReference; lastKnownFileType = text.plist.xml; path = Info.plist; sourceTree = "<group>"; };
		FE4BE391292F8EE400566779 /* ViewCodeConfiguration.swift */ = {isa = PBXFileReference; lastKnownFileType = sourcecode.swift; path = ViewCodeConfiguration.swift; sourceTree = "<group>"; };
		FE4BE395292F981C00566779 /* TextFieldTableViewCell.swift */ = {isa = PBXFileReference; lastKnownFileType = sourcecode.swift; path = TextFieldTableViewCell.swift; sourceTree = "<group>"; };
		FE4BE397292F98CE00566779 /* ImageTableViewCell.swift */ = {isa = PBXFileReference; lastKnownFileType = sourcecode.swift; path = ImageTableViewCell.swift; sourceTree = "<group>"; };
		FE4BE399292F9C5C00566779 /* Model.swift */ = {isa = PBXFileReference; lastKnownFileType = sourcecode.swift; path = Model.swift; sourceTree = "<group>"; };
		FEAE04EA293677AB00F2A496 /* ImagePicker.swift */ = {isa = PBXFileReference; lastKnownFileType = sourcecode.swift; path = ImagePicker.swift; sourceTree = "<group>"; };
		FECC0ED62936674100F0F9C7 /* NewViewController.swift */ = {isa = PBXFileReference; lastKnownFileType = sourcecode.swift; path = NewViewController.swift; sourceTree = "<group>"; };
		FED218D0292FAFA100E2C579 /* HeaderTableView.swift */ = {isa = PBXFileReference; lastKnownFileType = sourcecode.swift; path = HeaderTableView.swift; sourceTree = "<group>"; };
		FEFE489F29365E7A00B9A765 /* TableView.swift */ = {isa = PBXFileReference; lastKnownFileType = sourcecode.swift; path = TableView.swift; sourceTree = "<group>"; };
/* End PBXFileReference section */

/* Begin PBXFrameworksBuildPhase section */
		FE4BE36F292F86A700566779 /* Frameworks */ = {
			isa = PBXFrameworksBuildPhase;
			buildActionMask = 2147483647;
			files = (
			);
			runOnlyForDeploymentPostprocessing = 0;
		};
/* End PBXFrameworksBuildPhase section */

/* Begin PBXGroup section */
		FE4BE369292F86A700566779 = {
			isa = PBXGroup;
			children = (
				FE4BE374292F86A700566779 /* POC_interfaceReuse */,
				FE4BE373292F86A700566779 /* Products */,
			);
			sourceTree = "<group>";
		};
		FE4BE373292F86A700566779 /* Products */ = {
			isa = PBXGroup;
			children = (
				FE4BE372292F86A700566779 /* POC_interfaceReuse.app */,
			);
			name = Products;
			sourceTree = "<group>";
		};
		FE4BE374292F86A700566779 /* POC_interfaceReuse */ = {
			isa = PBXGroup;
			children = (
				FE4BE38C292F8BED00566779 /* Source */,
				FE4BE38A292F8BBB00566779 /* Application */,
				FE4BE38B292F8BCC00566779 /* Resource */,
				FE4BE383292F86A800566779 /* Info.plist */,
			);
			path = POC_interfaceReuse;
			sourceTree = "<group>";
		};
		FE4BE38A292F8BBB00566779 /* Application */ = {
			isa = PBXGroup;
			children = (
				FE4BE380292F86A800566779 /* LaunchScreen.storyboard */,
				FE4BE375292F86A700566779 /* AppDelegate.swift */,
				FE4BE377292F86A700566779 /* SceneDelegate.swift */,
			);
			path = Application;
			sourceTree = "<group>";
		};
		FE4BE38B292F8BCC00566779 /* Resource */ = {
			isa = PBXGroup;
			children = (
				FE4BE37E292F86A800566779 /* Assets.xcassets */,
			);
			path = Resource;
			sourceTree = "<group>";
		};
		FE4BE38C292F8BED00566779 /* Source */ = {
			isa = PBXGroup;
			children = (
				FEAE04E92936762700F2A496 /* Extension */,
				FE4BE390292F8EB600566779 /* Protocol */,
				FE4BE38F292F8C1F00566779 /* View */,
				FE4BE38E292F8C1700566779 /* Controller */,
				FE4BE38D292F8C0A00566779 /* Model */,
			);
			path = Source;
			sourceTree = "<group>";
		};
		FE4BE38D292F8C0A00566779 /* Model */ = {
			isa = PBXGroup;
			children = (
				FE4BE399292F9C5C00566779 /* Model.swift */,
			);
			path = Model;
			sourceTree = "<group>";
		};
		FE4BE38E292F8C1700566779 /* Controller */ = {
			isa = PBXGroup;
			children = (
				FE4BE379292F86A700566779 /* ViewController.swift */,
				FECC0ED62936674100F0F9C7 /* NewViewController.swift */,
			);
			path = Controller;
			sourceTree = "<group>";
		};
		FE4BE38F292F8C1F00566779 /* View */ = {
			isa = PBXGroup;
			children = (
				FED218D0292FAFA100E2C579 /* HeaderTableView.swift */,
				FED218CF292FAF6000E2C579 /* TableViewCell */,
				FEFE489F29365E7A00B9A765 /* TableView.swift */,
			);
			path = View;
			sourceTree = "<group>";
		};
		FE4BE390292F8EB600566779 /* Protocol */ = {
			isa = PBXGroup;
			children = (
				FE4BE391292F8EE400566779 /* ViewCodeConfiguration.swift */,
			);
			path = Protocol;
			sourceTree = "<group>";
		};
		FEAE04E92936762700F2A496 /* Extension */ = {
			isa = PBXGroup;
			children = (
				FEAE04EC2936786E00F2A496 /* ViewController */,
			);
			path = Extension;
			sourceTree = "<group>";
		};
		FEAE04EC2936786E00F2A496 /* ViewController */ = {
			isa = PBXGroup;
			children = (
				FEAE04EA293677AB00F2A496 /* ImagePicker.swift */,
			);
			path = ViewController;
			sourceTree = "<group>";
		};
		FED218CF292FAF6000E2C579 /* TableViewCell */ = {
			isa = PBXGroup;
			children = (
				FE4BE395292F981C00566779 /* TextFieldTableViewCell.swift */,
				FE4BE397292F98CE00566779 /* ImageTableViewCell.swift */,
			);
			path = TableViewCell;
			sourceTree = "<group>";
		};
/* End PBXGroup section */

/* Begin PBXNativeTarget section */
		FE4BE371292F86A700566779 /* POC_interfaceReuse */ = {
			isa = PBXNativeTarget;
			buildConfigurationList = FE4BE386292F86A800566779 /* Build configuration list for PBXNativeTarget "POC_interfaceReuse" */;
			buildPhases = (
				FE4BE36E292F86A700566779 /* Sources */,
				FE4BE36F292F86A700566779 /* Frameworks */,
				FE4BE370292F86A700566779 /* Resources */,
				FE4BE389292F8A7D00566779 /* ShellScript */,
			);
			buildRules = (
			);
			dependencies = (
			);
			name = POC_interfaceReuse;
			productName = POC_interfaceReuse;
			productReference = FE4BE372292F86A700566779 /* POC_interfaceReuse.app */;
			productType = "com.apple.product-type.application";
		};
/* End PBXNativeTarget section */

/* Begin PBXProject section */
		FE4BE36A292F86A700566779 /* Project object */ = {
			isa = PBXProject;
			attributes = {
				BuildIndependentTargetsInParallel = 1;
				LastSwiftUpdateCheck = 1410;
				LastUpgradeCheck = 1410;
				TargetAttributes = {
					FE4BE371292F86A700566779 = {
						CreatedOnToolsVersion = 14.1;
					};
				};
			};
			buildConfigurationList = FE4BE36D292F86A700566779 /* Build configuration list for PBXProject "POC_interfaceReuse" */;
			compatibilityVersion = "Xcode 14.0";
			developmentRegion = en;
			hasScannedForEncodings = 0;
			knownRegions = (
				en,
				Base,
			);
			mainGroup = FE4BE369292F86A700566779;
			productRefGroup = FE4BE373292F86A700566779 /* Products */;
			projectDirPath = "";
			projectRoot = "";
			targets = (
				FE4BE371292F86A700566779 /* POC_interfaceReuse */,
			);
		};
/* End PBXProject section */

/* Begin PBXResourcesBuildPhase section */
		FE4BE370292F86A700566779 /* Resources */ = {
			isa = PBXResourcesBuildPhase;
			buildActionMask = 2147483647;
			files = (
				FE4BE382292F86A800566779 /* LaunchScreen.storyboard in Resources */,
				FE4BE37F292F86A800566779 /* Assets.xcassets in Resources */,
			);
			runOnlyForDeploymentPostprocessing = 0;
		};
/* End PBXResourcesBuildPhase section */

/* Begin PBXShellScriptBuildPhase section */
		FE4BE389292F8A7D00566779 /* ShellScript */ = {
			isa = PBXShellScriptBuildPhase;
			buildActionMask = 2147483647;
			files = (
			);
			inputFileListPaths = (
			);
			inputPaths = (
			);
			outputFileListPaths = (
			);
			outputPaths = (
			);
			runOnlyForDeploymentPostprocessing = 0;
			shellPath = /bin/sh;
			shellScript = "export PATH=\"$PATH:/opt/homebrew/bin\"\n\nif which swiftlint > /dev/null; then\n  swiftlint\nelse\n  echo \"warning: SwiftLint not installed, download from https://github.com/realm/SwiftLint\"\nfi\n";
		};
/* End PBXShellScriptBuildPhase section */

/* Begin PBXSourcesBuildPhase section */
		FE4BE36E292F86A700566779 /* Sources */ = {
			isa = PBXSourcesBuildPhase;
			buildActionMask = 2147483647;
			files = (
				FE4BE39A292F9C5C00566779 /* Model.swift in Sources */,
				FE4BE392292F8EE400566779 /* ViewCodeConfiguration.swift in Sources */,
				FE4BE37A292F86A700566779 /* ViewController.swift in Sources */,
				FE4BE376292F86A700566779 /* AppDelegate.swift in Sources */,
				FEFE48A029365E7A00B9A765 /* TableView.swift in Sources */,
				FED218D1292FAFA100E2C579 /* HeaderTableView.swift in Sources */,
				FE4BE398292F98CE00566779 /* ImageTableViewCell.swift in Sources */,
				FEAE04EB293677AB00F2A496 /* ImagePicker.swift in Sources */,
				FECC0ED72936674100F0F9C7 /* NewViewController.swift in Sources */,
				FE4BE396292F981C00566779 /* TextFieldTableViewCell.swift in Sources */,
				FE4BE378292F86A700566779 /* SceneDelegate.swift in Sources */,
			);
			runOnlyForDeploymentPostprocessing = 0;
		};
/* End PBXSourcesBuildPhase section */

/* Begin PBXVariantGroup section */
		FE4BE380292F86A800566779 /* LaunchScreen.storyboard */ = {
			isa = PBXVariantGroup;
			children = (
				FE4BE381292F86A800566779 /* Base */,
			);
			name = LaunchScreen.storyboard;
			sourceTree = "<group>";
		};
/* End PBXVariantGroup section */

/* Begin XCBuildConfiguration section */
		FE4BE384292F86A800566779 /* Debug */ = {
			isa = XCBuildConfiguration;
			buildSettings = {
				ALWAYS_SEARCH_USER_PATHS = NO;
				CLANG_ANALYZER_NONNULL = YES;
				CLANG_ANALYZER_NUMBER_OBJECT_CONVERSION = YES_AGGRESSIVE;
				CLANG_CXX_LANGUAGE_STANDARD = "gnu++20";
				CLANG_ENABLE_MODULES = YES;
				CLANG_ENABLE_OBJC_ARC = YES;
				CLANG_ENABLE_OBJC_WEAK = YES;
				CLANG_WARN_BLOCK_CAPTURE_AUTORELEASING = YES;
				CLANG_WARN_BOOL_CONVERSION = YES;
				CLANG_WARN_COMMA = YES;
				CLANG_WARN_CONSTANT_CONVERSION = YES;
				CLANG_WARN_DEPRECATED_OBJC_IMPLEMENTATIONS = YES;
				CLANG_WARN_DIRECT_OBJC_ISA_USAGE = YES_ERROR;
				CLANG_WARN_DOCUMENTATION_COMMENTS = YES;
				CLANG_WARN_EMPTY_BODY = YES;
				CLANG_WARN_ENUM_CONVERSION = YES;
				CLANG_WARN_INFINITE_RECURSION = YES;
				CLANG_WARN_INT_CONVERSION = YES;
				CLANG_WARN_NON_LITERAL_NULL_CONVERSION = YES;
				CLANG_WARN_OBJC_IMPLICIT_RETAIN_SELF = YES;
				CLANG_WARN_OBJC_LITERAL_CONVERSION = YES;
				CLANG_WARN_OBJC_ROOT_CLASS = YES_ERROR;
				CLANG_WARN_QUOTED_INCLUDE_IN_FRAMEWORK_HEADER = YES;
				CLANG_WARN_RANGE_LOOP_ANALYSIS = YES;
				CLANG_WARN_STRICT_PROTOTYPES = YES;
				CLANG_WARN_SUSPICIOUS_MOVE = YES;
				CLANG_WARN_UNGUARDED_AVAILABILITY = YES_AGGRESSIVE;
				CLANG_WARN_UNREACHABLE_CODE = YES;
				CLANG_WARN__DUPLICATE_METHOD_MATCH = YES;
				COPY_PHASE_STRIP = NO;
				DEBUG_INFORMATION_FORMAT = dwarf;
				ENABLE_STRICT_OBJC_MSGSEND = YES;
				ENABLE_TESTABILITY = YES;
				GCC_C_LANGUAGE_STANDARD = gnu11;
				GCC_DYNAMIC_NO_PIC = NO;
				GCC_NO_COMMON_BLOCKS = YES;
				GCC_OPTIMIZATION_LEVEL = 0;
				GCC_PREPROCESSOR_DEFINITIONS = (
					"DEBUG=1",
					"$(inherited)",
				);
				GCC_WARN_64_TO_32_BIT_CONVERSION = YES;
				GCC_WARN_ABOUT_RETURN_TYPE = YES_ERROR;
				GCC_WARN_UNDECLARED_SELECTOR = YES;
				GCC_WARN_UNINITIALIZED_AUTOS = YES_AGGRESSIVE;
				GCC_WARN_UNUSED_FUNCTION = YES;
				GCC_WARN_UNUSED_VARIABLE = YES;
				IPHONEOS_DEPLOYMENT_TARGET = 16.1;
				MTL_ENABLE_DEBUG_INFO = INCLUDE_SOURCE;
				MTL_FAST_MATH = YES;
				ONLY_ACTIVE_ARCH = YES;
				SDKROOT = iphoneos;
				SWIFT_ACTIVE_COMPILATION_CONDITIONS = DEBUG;
				SWIFT_OPTIMIZATION_LEVEL = "-Onone";
			};
			name = Debug;
		};
		FE4BE385292F86A800566779 /* Release */ = {
			isa = XCBuildConfiguration;
			buildSettings = {
				ALWAYS_SEARCH_USER_PATHS = NO;
				CLANG_ANALYZER_NONNULL = YES;
				CLANG_ANALYZER_NUMBER_OBJECT_CONVERSION = YES_AGGRESSIVE;
				CLANG_CXX_LANGUAGE_STANDARD = "gnu++20";
				CLANG_ENABLE_MODULES = YES;
				CLANG_ENABLE_OBJC_ARC = YES;
				CLANG_ENABLE_OBJC_WEAK = YES;
				CLANG_WARN_BLOCK_CAPTURE_AUTORELEASING = YES;
				CLANG_WARN_BOOL_CONVERSION = YES;
				CLANG_WARN_COMMA = YES;
				CLANG_WARN_CONSTANT_CONVERSION = YES;
				CLANG_WARN_DEPRECATED_OBJC_IMPLEMENTATIONS = YES;
				CLANG_WARN_DIRECT_OBJC_ISA_USAGE = YES_ERROR;
				CLANG_WARN_DOCUMENTATION_COMMENTS = YES;
				CLANG_WARN_EMPTY_BODY = YES;
				CLANG_WARN_ENUM_CONVERSION = YES;
				CLANG_WARN_INFINITE_RECURSION = YES;
				CLANG_WARN_INT_CONVERSION = YES;
				CLANG_WARN_NON_LITERAL_NULL_CONVERSION = YES;
				CLANG_WARN_OBJC_IMPLICIT_RETAIN_SELF = YES;
				CLANG_WARN_OBJC_LITERAL_CONVERSION = YES;
				CLANG_WARN_OBJC_ROOT_CLASS = YES_ERROR;
				CLANG_WARN_QUOTED_INCLUDE_IN_FRAMEWORK_HEADER = YES;
				CLANG_WARN_RANGE_LOOP_ANALYSIS = YES;
				CLANG_WARN_STRICT_PROTOTYPES = YES;
				CLANG_WARN_SUSPICIOUS_MOVE = YES;
				CLANG_WARN_UNGUARDED_AVAILABILITY = YES_AGGRESSIVE;
				CLANG_WARN_UNREACHABLE_CODE = YES;
				CLANG_WARN__DUPLICATE_METHOD_MATCH = YES;
				COPY_PHASE_STRIP = NO;
				DEBUG_INFORMATION_FORMAT = "dwarf-with-dsym";
				ENABLE_NS_ASSERTIONS = NO;
				ENABLE_STRICT_OBJC_MSGSEND = YES;
				GCC_C_LANGUAGE_STANDARD = gnu11;
				GCC_NO_COMMON_BLOCKS = YES;
				GCC_WARN_64_TO_32_BIT_CONVERSION = YES;
				GCC_WARN_ABOUT_RETURN_TYPE = YES_ERROR;
				GCC_WARN_UNDECLARED_SELECTOR = YES;
				GCC_WARN_UNINITIALIZED_AUTOS = YES_AGGRESSIVE;
				GCC_WARN_UNUSED_FUNCTION = YES;
				GCC_WARN_UNUSED_VARIABLE = YES;
				IPHONEOS_DEPLOYMENT_TARGET = 16.1;
				MTL_ENABLE_DEBUG_INFO = NO;
				MTL_FAST_MATH = YES;
				SDKROOT = iphoneos;
				SWIFT_COMPILATION_MODE = wholemodule;
				SWIFT_OPTIMIZATION_LEVEL = "-O";
				VALIDATE_PRODUCT = YES;
			};
			name = Release;
		};
		FE4BE387292F86A800566779 /* Debug */ = {
			isa = XCBuildConfiguration;
			buildSettings = {
				ASSETCATALOG_COMPILER_APPICON_NAME = AppIcon;
				ASSETCATALOG_COMPILER_GLOBAL_ACCENT_COLOR_NAME = AccentColor;
				CODE_SIGN_STYLE = Automatic;
				CURRENT_PROJECT_VERSION = 1;
				DEVELOPMENT_TEAM = DVX5N2U74F;
				GENERATE_INFOPLIST_FILE = YES;
				INFOPLIST_FILE = POC_interfaceReuse/Info.plist;
				INFOPLIST_KEY_NSCameraUsageDescription = "POC_interfaceReuse wants to use your Camera";
				INFOPLIST_KEY_UIApplicationSupportsIndirectInputEvents = YES;
				INFOPLIST_KEY_UILaunchStoryboardName = LaunchScreen;
				INFOPLIST_KEY_UISupportedInterfaceOrientations = UIInterfaceOrientationPortrait;
				LD_RUNPATH_SEARCH_PATHS = (
					"$(inherited)",
					"@executable_path/Frameworks",
				);
				MARKETING_VERSION = 1.0;
				PRODUCT_BUNDLE_IDENTIFIER = "robson.POC-interfaceReuse";
				PRODUCT_NAME = "$(TARGET_NAME)";
				SUPPORTED_PLATFORMS = "iphoneos iphonesimulator";
				SUPPORTS_MACCATALYST = NO;
				SUPPORTS_MAC_DESIGNED_FOR_IPHONE_IPAD = NO;
				SWIFT_EMIT_LOC_STRINGS = YES;
				SWIFT_VERSION = 5.0;
				TARGETED_DEVICE_FAMILY = 1;
			};
			name = Debug;
		};
		FE4BE388292F86A800566779 /* Release */ = {
			isa = XCBuildConfiguration;
			buildSettings = {
				ASSETCATALOG_COMPILER_APPICON_NAME = AppIcon;
				ASSETCATALOG_COMPILER_GLOBAL_ACCENT_COLOR_NAME = AccentColor;
				CODE_SIGN_STYLE = Automatic;
				CURRENT_PROJECT_VERSION = 1;
				DEVELOPMENT_TEAM = DVX5N2U74F;
				GENERATE_INFOPLIST_FILE = YES;
				INFOPLIST_FILE = POC_interfaceReuse/Info.plist;
				INFOPLIST_KEY_NSCameraUsageDescription = "POC_interfaceReuse wants to use your Camera";
				INFOPLIST_KEY_UIApplicationSupportsIndirectInputEvents = YES;
				INFOPLIST_KEY_UILaunchStoryboardName = LaunchScreen;
				INFOPLIST_KEY_UISupportedInterfaceOrientations = UIInterfaceOrientationPortrait;
				LD_RUNPATH_SEARCH_PATHS = (
					"$(inherited)",
					"@executable_path/Frameworks",
				);
				MARKETING_VERSION = 1.0;
				PRODUCT_BUNDLE_IDENTIFIER = "robson.POC-interfaceReuse";
				PRODUCT_NAME = "$(TARGET_NAME)";
				SUPPORTED_PLATFORMS = "iphoneos iphonesimulator";
				SUPPORTS_MACCATALYST = NO;
				SUPPORTS_MAC_DESIGNED_FOR_IPHONE_IPAD = NO;
				SWIFT_EMIT_LOC_STRINGS = YES;
				SWIFT_VERSION = 5.0;
				TARGETED_DEVICE_FAMILY = 1;
			};
			name = Release;
		};
/* End XCBuildConfiguration section */

/* Begin XCConfigurationList section */
		FE4BE36D292F86A700566779 /* Build configuration list for PBXProject "POC_interfaceReuse" */ = {
			isa = XCConfigurationList;
			buildConfigurations = (
				FE4BE384292F86A800566779 /* Debug */,
				FE4BE385292F86A800566779 /* Release */,
			);
			defaultConfigurationIsVisible = 0;
			defaultConfigurationName = Release;
		};
		FE4BE386292F86A800566779 /* Build configuration list for PBXNativeTarget "POC_interfaceReuse" */ = {
			isa = XCConfigurationList;
			buildConfigurations = (
				FE4BE387292F86A800566779 /* Debug */,
				FE4BE388292F86A800566779 /* Release */,
			);
			defaultConfigurationIsVisible = 0;
			defaultConfigurationName = Release;
		};
/* End XCConfigurationList section */
	};
	rootObject = FE4BE36A292F86A700566779 /* Project object */;
}
